
Microsoft Visual Studio Solution File, Format Version 12.00
# Visual Studio 15
VisualStudioVersion = 15.0.28307.136
MinimumVisualStudioVersion = 10.0.40219.1
Project("{FAE04EC0-301F-11D3-BF4B-00C04F79EFBC}") = "SquareSocketsServer", "SquareSocketsServer\SquareSocketsServer.csproj", "{A0639875-70EC-4EEE-87A0-62B63D739008}"
EndProject
Global
	GlobalSection(SolutionConfigurationPlatforms) = preSolution
		Debug|Any CPU = Debug|Any CPU
		Release|Any CPU = Release|Any CPU
	EndGlobalSection
	GlobalSection(ProjectConfigurationPlatforms) = postSolution
		{A0639875-70EC-4EEE-87A0-62B63D739008}.Debug|Any CPU.ActiveCfg = Debug|Any CPU
		{A0639875-70EC-4EEE-87A0-62B63D739008}.Debug|Any CPU.Build.0 = Debug|Any CPU
		{A0639875-70EC-4EEE-87A0-62B63D739008}.Release|Any CPU.ActiveCfg = Release|Any CPU
		{A0639875-70EC-4EEE-87A0-62B63D739008}.Release|Any CPU.Build.0 = Release|Any CPU
	EndGlobalSection
	GlobalSection(SolutionProperties) = preSolution
		HideSolutionNode = FALSE
	EndGlobalSection
	GlobalSection(ExtensibilityGlobals) = postSolution
		SolutionGuid = {6F83FB29-1780-4C07-8AD9-0709DDEC9AFC}
	EndGlobalSection
EndGlobal
